
Microsoft Visual Studio Solution File, Format Version 12.00
# Visual Studio Version 17
VisualStudioVersion = 17.2.32516.85
MinimumVisualStudioVersion = 10.0.40219.1
Project("{FAE04EC0-301F-11D3-BF4B-00C04F79EFBC}") = "BigSchool1", "BigSchool1\BigSchool1.csproj", "{DBA8550C-DE49-41CD-ABCA-E3BE6CB00612}"
EndProject
Global
	GlobalSection(SolutionConfigurationPlatforms) = preSolution
		Debug|Any CPU = Debug|Any CPU
		Release|Any CPU = Release|Any CPU
	EndGlobalSection
	GlobalSection(ProjectConfigurationPlatforms) = postSolution
		{DBA8550C-DE49-41CD-ABCA-E3BE6CB00612}.Debug|Any CPU.ActiveCfg = Debug|Any CPU
		{DBA8550C-DE49-41CD-ABCA-E3BE6CB00612}.Debug|Any CPU.Build.0 = Debug|Any CPU
		{DBA8550C-DE49-41CD-ABCA-E3BE6CB00612}.Release|Any CPU.ActiveCfg = Release|Any CPU
		{DBA8550C-DE49-41CD-ABCA-E3BE6CB00612}.Release|Any CPU.Build.0 = Release|Any CPU
	EndGlobalSection
	GlobalSection(SolutionProperties) = preSolution
		HideSolutionNode = FALSE
	EndGlobalSection
	GlobalSection(ExtensibilityGlobals) = postSolution
		SolutionGuid = {C63B32F3-011C-4DBF-9942-015192890BFA}
	EndGlobalSection
EndGlobal
